
Microsoft Visual Studio Solution File, Format Version 12.00
Project("{FAE04EC0-301F-11D3-BF4B-00C04F79EFBC}") = "SuperHeroApi", "SuperHeroApi\SuperHeroApi.csproj", "{7F2F84BC-850D-44EA-85F6-A8FA45364981}"
EndProject
Global
	GlobalSection(SolutionConfigurationPlatforms) = preSolution
		Debug|Any CPU = Debug|Any CPU
		Release|Any CPU = Release|Any CPU
	EndGlobalSection
	GlobalSection(ProjectConfigurationPlatforms) = postSolution
		{7F2F84BC-850D-44EA-85F6-A8FA45364981}.Debug|Any CPU.ActiveCfg = Debug|Any CPU
		{7F2F84BC-850D-44EA-85F6-A8FA45364981}.Debug|Any CPU.Build.0 = Debug|Any CPU
		{7F2F84BC-850D-44EA-85F6-A8FA45364981}.Release|Any CPU.ActiveCfg = Release|Any CPU
		{7F2F84BC-850D-44EA-85F6-A8FA45364981}.Release|Any CPU.Build.0 = Release|Any CPU
	EndGlobalSection
EndGlobal
